[[package]]
name = "convertdate"
version = "2.4.0"
description = "Converts between Gregorian dates and other calendar systems"
category = "dev"
optional = false
python-versions = "<4,>=3.7"

[package.dependencies]
pymeeus = ">=0.3.13,<=1"

[package.extras]
dev = ["black", "build", "isort", "pylint"]
docs = ["myst-parser", "sphinx", "sphinx-rtd-theme"]
tests = ["coverage"]

[[package]]
name = "hijri-converter"
version = "2.2.4"
description = "Accurate Hijri-Gregorian dates converter based on the Umm al-Qura calendar"
category = "dev"
optional = false
python-versions = ">=3.6"

[[package]]
name = "holidays"
version = "0.17.2"
description = "Generate and work with holidays in Python"
category = "dev"
optional = false
python-versions = ">=3.7"

[package.dependencies]
convertdate = ">=2.3.0"
hijri-converter = "*"
korean-lunar-calendar = "*"
python-dateutil = "*"

[[package]]
name = "korean-lunar-calendar"
version = "0.3.1"
description = "Korean Lunar Calendar"
category = "dev"
optional = false
python-versions = "*"

[[package]]
name = "pathlib"
version = "1.0.1"
description = "Object-oriented filesystem paths"
category = "dev"
optional = false
python-versions = "*"

[[package]]
name = "pymeeus"
version = "0.5.12"
description = "Python implementation of Jean Meeus astronomical routines"
category = "dev"
optional = false
python-versions = "*"

[[package]]
name = "pyownet"
version = "0.10.0.post1"
description = "Python OWFS client library (owserver protocol)"
category = "dev"
optional = false
python-versions = "*"

[[package]]
name = "python-dateutil"
version = "2.8.2"
description = "Extensions to the standard Python datetime module"
category = "dev"
optional = false
python-versions = "!=3.0.*,!=3.1.*,!=3.2.*,>=2.7"

[package.dependencies]
six = ">=1.5"

[[package]]
name = "six"
version = "1.16.0"
description = "Python 2 and 3 compatibility utilities"
category = "dev"
optional = false
python-versions = ">=2.7, !=3.0.*, !=3.1.*, !=3.2.*"

[[package]]
name = "tabulate"
version = "0.9.0"
description = "Pretty-print tabular data"
category = "dev"
optional = false
python-versions = ">=3.7"

[package.extras]
widechars = ["wcwidth"]

[metadata]
lock-version = "1.1"
python-versions = "3.10.6"
content-hash = "bcd3d580951c7eb40a3dea2f0d8b8f49439fd8024f63435f1fe1102086d86e2a"

[metadata.files]
convertdate = [
    {file = "convertdate-2.4.0-py3-none-any.whl", hash = "sha256:fcffe3a67522172648cf03b0c3757cfd079726fe5ae04ce29989ad3958039e4e"},
    {file = "convertdate-2.4.0.tar.gz", hash = "sha256:770c6b2195544d3e451e230b3f1c9b121ed02680b877f896306a04cf6f26b48f"},
]
hijri-converter = [
    {file = "hijri-converter-2.2.4.tar.gz", hash = "sha256:9e1d9fa4c220f6867da2abb1a96240675ae974abba951c686a781f4ef6ac218f"},
    {file = "hijri_converter-2.2.4-py3-none-any.whl", hash = "sha256:5ed4f4c284626e3916cd770e09346d5cc319e2a7762c22357838864908fd6e6d"},
]
holidays = [
    {file = "holidays-0.17.2-py3-none-any.whl", hash = "sha256:43d3e1bb14f430be66c15bc56f59c922e448f4b52ec31fdc6e26102758e8c3db"},
    {file = "holidays-0.17.2.tar.gz", hash = "sha256:11604535f66ad9d8f84e51c17102960e87fc3819f84444af68b1eb8756866630"},
]
korean-lunar-calendar = [
    {file = "korean_lunar_calendar-0.3.1-py3-none-any.whl", hash = "sha256:392757135c492c4f42a604e6038042953c35c6f449dda5f27e3f86a7f9c943e5"},
    {file = "korean_lunar_calendar-0.3.1.tar.gz", hash = "sha256:eb2c485124a061016926bdea6d89efdf9b9fdbf16db55895b6cf1e5bec17b857"},
]
pathlib = [
    {file = "pathlib-1.0.1-py3-none-any.whl", hash = "sha256:f35f95ab8b0f59e6d354090350b44a80a80635d22efdedfa84c7ad1cf0a74147"},
    {file = "pathlib-1.0.1.tar.gz", hash = "sha256:6940718dfc3eff4258203ad5021090933e5c04707d5ca8cc9e73c94a7894ea9f"},
]
pymeeus = [
    {file = "PyMeeus-0.5.12.tar.gz", hash = "sha256:548f7186bd8b96cbc069cf649a8e8e377dce49ac74486709849fe63a99cad684"},
]
pyownet = [
    {file = "pyownet-0.10.0.post1-py2-none-any.whl", hash = "sha256:42a8b2e44f1ab4bc0ba0ee0ef6bdd0f288fcaec098958ed4c2955a73f8518049"},
    {file = "pyownet-0.10.0.post1-py3-none-any.whl", hash = "sha256:d229a39ecf924a9c7e419a2fcad9346fc931c9bd7062d6aa0e982f986ddb3341"},
    {file = "pyownet-0.10.0.post1.tar.gz", hash = "sha256:4f2fa4471c2f806b35090bdc6c092305c6eded3ff3736f8b586d35bdb157de62"},
]
python-dateutil = [
    {file = "python-dateutil-2.8.2.tar.gz", hash = "sha256:0123cacc1627ae19ddf3c27a5de5bd67ee4586fbdd6440d9748f8abb483d3e86"},
    {file = "python_dateutil-2.8.2-py2.py3-none-any.whl", hash = "sha256:961d03dc3453ebbc59dbdea9e4e11c5651520a876d0f4db161e8674aae935da9"},
]
six = [
    {file = "six-1.16.0-py2.py3-none-any.whl", hash = "sha256:8abb2f1d86890a2dfb989f9a77cfcfd3e47c2a354b01111771326f8aa26e0254"},
    {file = "six-1.16.0.tar.gz", hash = "sha256:1e61c37477a1626458e36f7b1d82aa5c9b094fa4802892072e49de9c60c4c926"},
]
tabulate = [
    {file = "tabulate-0.9.0-py3-none-any.whl", hash = "sha256:024ca478df22e9340661486f85298cff5f6dcdba14f3813e8830015b9ed1948f"},
    {file = "tabulate-0.9.0.tar.gz", hash = "sha256:0095b12bf5966de529c0feb1fa08671671b3368eec77d7ef7ab114be2c068b3c"},
]
